{
  "name": "4.8",
  "lockfileVersion": 2,
  "requires": true,
  "packages": {
    "": {
      "dependencies": {
        "types-registry": "^0.1.626"
      }
    },
    "node_modules/types-registry": {
      "version": "0.1.626",
      "resolved": "https://registry.npmjs.org/types-registry/-/types-registry-0.1.626.tgz",
      "integrity": "sha512-DTaFLpXrkSWCAdEmHx+MGDcGF8eXp4MMAKFsPUVhIWKU1JPWvhOZHClf90hdLUwMl1IFlKioBpbcmfdEko5UCQ=="
    }
  },
  "dependencies": {
    "types-registry": {
      "version": "0.1.626",
      "resolved": "https://registry.npmjs.org/types-registry/-/types-registry-0.1.626.tgz",
      "integrity": "sha512-DTaFLpXrkSWCAdEmHx+MGDcGF8eXp4MMAKFsPUVhIWKU1JPWvhOZHClf90hdLUwMl1IFlKioBpbcmfdEko5UCQ=="
    }
  }
}
