{
  "name": "@mason/tailwindcss-language-server",
  "version": "1.0.0",
  "lockfileVersion": 2,
  "requires": true,
  "packages": {
    "": {
      "name": "@mason/tailwindcss-language-server",
      "version": "1.0.0",
      "license": "ISC",
      "dependencies": {
        "@tailwindcss/language-server": "^0.0.10"
      }
    },
    "node_modules/@tailwindcss/language-server": {
      "version": "0.0.10",
      "resolved": "https://registry.npmjs.org/@tailwindcss/language-server/-/language-server-0.0.10.tgz",
      "integrity": "sha512-4rG07stqhws4/UyRLbHDc+plmxDfTOH/w0sLGvK7LoQq4GaaN0Ov8vEqL60ef94am6pp/ZrjIB5qL6kG7DshHA==",
      "bin": {
        "tailwindcss-language-server": "bin/tailwindcss-language-server"
      }
    }
  },
  "dependencies": {
    "@tailwindcss/language-server": {
      "version": "0.0.10",
      "resolved": "https://registry.npmjs.org/@tailwindcss/language-server/-/language-server-0.0.10.tgz",
      "integrity": "sha512-4rG07stqhws4/UyRLbHDc+plmxDfTOH/w0sLGvK7LoQq4GaaN0Ov8vEqL60ef94am6pp/ZrjIB5qL6kG7DshHA=="
    }
  }
}
